
Microsoft Visual Studio Solution File, Format Version 12.00
# Visual Studio Version 17
VisualStudioVersion = 17.5.33530.505
MinimumVisualStudioVersion = 10.0.40219.1
Project("{FAE04EC0-301F-11D3-BF4B-00C04F79EFBC}") = "Labc#_2", "Labc#_2.csproj", "{9B8BE871-982B-46CE-89A6-B4B1663F912C}"
EndProject
Global
	GlobalSection(SolutionConfigurationPlatforms) = preSolution
		Debug|Any CPU = Debug|Any CPU
		Release|Any CPU = Release|Any CPU
	EndGlobalSection
	GlobalSection(ProjectConfigurationPlatforms) = postSolution
		{9B8BE871-982B-46CE-89A6-B4B1663F912C}.Debug|Any CPU.ActiveCfg = Debug|Any CPU
		{9B8BE871-982B-46CE-89A6-B4B1663F912C}.Debug|Any CPU.Build.0 = Debug|Any CPU
		{9B8BE871-982B-46CE-89A6-B4B1663F912C}.Release|Any CPU.ActiveCfg = Release|Any CPU
		{9B8BE871-982B-46CE-89A6-B4B1663F912C}.Release|Any CPU.Build.0 = Release|Any CPU
	EndGlobalSection
	GlobalSection(SolutionProperties) = preSolution
		HideSolutionNode = FALSE
	EndGlobalSection
	GlobalSection(ExtensibilityGlobals) = postSolution
		SolutionGuid = {F0FFAB41-982F-47A7-9ED5-276EA5CB298B}
	EndGlobalSection
EndGlobal
